
Microsoft Visual Studio Solution File, Format Version 11.00
# Visual Studio 2010
Project("{E24C65DC-7377-472B-9ABA-BC803B73C61A}") = "LiveSmoothStreamingSite", "LiveSmoothStreamingSite\", "{9C4E79C1-7BFE-444C-BC04-1DD0179F0D50}"
	ProjectSection(WebsiteProperties) = preProject
		TargetFrameworkMoniker = ".NETFramework,Version%3Dv4.0"
		Debug.AspNetCompiler.VirtualPath = "/LiveSmoothStreamingSite"
		Debug.AspNetCompiler.PhysicalPath = "LiveSmoothStreamingSite\"
		Debug.AspNetCompiler.TargetPath = "PrecompiledWeb\LiveSmoothStreamingSite\"
		Debug.AspNetCompiler.Updateable = "true"
		Debug.AspNetCompiler.ForceOverwrite = "true"
		Debug.AspNetCompiler.FixedNames = "false"
		Debug.AspNetCompiler.Debug = "True"
		Release.AspNetCompiler.VirtualPath = "/LiveSmoothStreamingSite"
		Release.AspNetCompiler.PhysicalPath = "LiveSmoothStreamingSite\"
		Release.AspNetCompiler.TargetPath = "PrecompiledWeb\LiveSmoothStreamingSite\"
		Release.AspNetCompiler.Updateable = "true"
		Release.AspNetCompiler.ForceOverwrite = "true"
		Release.AspNetCompiler.FixedNames = "false"
		Release.AspNetCompiler.Debug = "False"
		VWDPort = "49301"
		ProjOutputReferences = "{e4f2f23a-124f-4c47-add8-7dde56c3042e}|ClientBin|false;"
	EndProjectSection
EndProject
Project("{FAE04EC0-301F-11D3-BF4B-00C04F79EFBC}") = "LiveSmoothStreaming", "LiveSmoothStreaming\LiveSmoothStreaming.csproj", "{E4F2F23A-124F-4C47-ADD8-7DDE56C3042E}"
EndProject
Global
	GlobalSection(SolutionConfigurationPlatforms) = preSolution
		Debug|Any CPU = Debug|Any CPU
		Release|Any CPU = Release|Any CPU
	EndGlobalSection
	GlobalSection(ProjectConfigurationPlatforms) = postSolution
		{9C4E79C1-7BFE-444C-BC04-1DD0179F0D50}.Debug|Any CPU.ActiveCfg = Debug|Any CPU
		{9C4E79C1-7BFE-444C-BC04-1DD0179F0D50}.Debug|Any CPU.Build.0 = Debug|Any CPU
		{9C4E79C1-7BFE-444C-BC04-1DD0179F0D50}.Release|Any CPU.ActiveCfg = Release|Any CPU
		{9C4E79C1-7BFE-444C-BC04-1DD0179F0D50}.Release|Any CPU.Build.0 = Release|Any CPU
		{E4F2F23A-124F-4C47-ADD8-7DDE56C3042E}.Debug|Any CPU.ActiveCfg = Debug|Any CPU
		{E4F2F23A-124F-4C47-ADD8-7DDE56C3042E}.Debug|Any CPU.Build.0 = Debug|Any CPU
		{E4F2F23A-124F-4C47-ADD8-7DDE56C3042E}.Release|Any CPU.ActiveCfg = Release|Any CPU
		{E4F2F23A-124F-4C47-ADD8-7DDE56C3042E}.Release|Any CPU.Build.0 = Release|Any CPU
	EndGlobalSection
	GlobalSection(SolutionProperties) = preSolution
		HideSolutionNode = FALSE
	EndGlobalSection
EndGlobal
